
Microsoft Visual Studio Solution File, Format Version 12.00
# Visual Studio Version 16
VisualStudioVersion = 16.0.29613.14
MinimumVisualStudioVersion = 10.0.40219.1
Project("{FAE04EC0-301F-11D3-BF4B-00C04F79EFBC}") = "PolyCalculator.WebAPI", "PolyCalculator.WebAPI\PolyCalculator.WebAPI.csproj", "{DECFACC6-A672-4830-920C-A1C687BAE0B3}"
EndProject
Global
	GlobalSection(SolutionConfigurationPlatforms) = preSolution
		Debug|Any CPU = Debug|Any CPU
		Release|Any CPU = Release|Any CPU
	EndGlobalSection
	GlobalSection(ProjectConfigurationPlatforms) = postSolution
		{DECFACC6-A672-4830-920C-A1C687BAE0B3}.Debug|Any CPU.ActiveCfg = Debug|Any CPU
		{DECFACC6-A672-4830-920C-A1C687BAE0B3}.Debug|Any CPU.Build.0 = Debug|Any CPU
		{DECFACC6-A672-4830-920C-A1C687BAE0B3}.Release|Any CPU.ActiveCfg = Release|Any CPU
		{DECFACC6-A672-4830-920C-A1C687BAE0B3}.Release|Any CPU.Build.0 = Release|Any CPU
	EndGlobalSection
	GlobalSection(SolutionProperties) = preSolution
		HideSolutionNode = FALSE
	EndGlobalSection
	GlobalSection(ExtensibilityGlobals) = postSolution
		SolutionGuid = {1CE4622B-6E8A-4B18-918D-F2975DDA4C26}
	EndGlobalSection
EndGlobal
